// !$*UTF8*$!
{
	archiveVersion = 1;
	classes = {
	};
	objectVersion = 46;
	objects = {

/* Begin PBXBuildFile section */
		748965731CF4419F00AB1657 /* AppDelegate.swift in Sources */ = {isa = PBXBuildFile; fileRef = 748965721CF4419F00AB1657 /* AppDelegate.swift */; };
		748965751CF4419F00AB1657 /* ViewController.swift in Sources */ = {isa = PBXBuildFile; fileRef = 748965741CF4419F00AB1657 /* ViewController.swift */; };
		748965781CF4419F00AB1657 /* Main.storyboard in Resources */ = {isa = PBXBuildFile; fileRef = 748965761CF4419F00AB1657 /* Main.storyboard */; };
		7489657A1CF4419F00AB1657 /* Assets.xcassets in Resources */ = {isa = PBXBuildFile; fileRef = 748965791CF4419F00AB1657 /* Assets.xcassets */; };
		7489657D1CF4419F00AB1657 /* LaunchScreen.storyboard in Resources */ = {isa = PBXBuildFile; fileRef = 7489657B1CF4419F00AB1657 /* LaunchScreen.storyboard */; };
		748965851CF441DA00AB1657 /* pokemon.csv in Resources */ = {isa = PBXBuildFile; fileRef = 748965841CF441DA00AB1657 /* pokemon.csv */; };
		7489658A1CF451E700AB1657 /* Pokemon.swift in Sources */ = {isa = PBXBuildFile; fileRef = 748965891CF451E700AB1657 /* Pokemon.swift */; };
/* End PBXBuildFile section */

/* Begin PBXFileReference section */
		7489656F1CF4419F00AB1657 /* pokedex-ios.app */ = {isa = PBXFileReference; explicitFileType = wrapper.application; includeInIndex = 0; path = "pokedex-ios.app"; sourceTree = BUILT_PRODUCTS_DIR; };
		748965721CF4419F00AB1657 /* AppDelegate.swift */ = {isa = PBXFileReference; lastKnownFileType = sourcecode.swift; path = AppDelegate.swift; sourceTree = "<group>"; };
		748965741CF4419F00AB1657 /* ViewController.swift */ = {isa = PBXFileReference; lastKnownFileType = sourcecode.swift; path = ViewController.swift; sourceTree = "<group>"; };
		748965771CF4419F00AB1657 /* Base */ = {isa = PBXFileReference; lastKnownFileType = file.storyboard; name = Base; path = Base.lproj/Main.storyboard; sourceTree = "<group>"; };
		748965791CF4419F00AB1657 /* Assets.xcassets */ = {isa = PBXFileReference; lastKnownFileType = folder.assetcatalog; path = Assets.xcassets; sourceTree = "<group>"; };
		7489657C1CF4419F00AB1657 /* Base */ = {isa = PBXFileReference; lastKnownFileType = file.storyboard; name = Base; path = Base.lproj/LaunchScreen.storyboard; sourceTree = "<group>"; };
		7489657E1CF4419F00AB1657 /* Info.plist */ = {isa = PBXFileReference; lastKnownFileType = text.plist.xml; path = Info.plist; sourceTree = "<group>"; };
		748965841CF441DA00AB1657 /* pokemon.csv */ = {isa = PBXFileReference; fileEncoding = 4; lastKnownFileType = text; path = pokemon.csv; sourceTree = "<group>"; };
		748965891CF451E700AB1657 /* Pokemon.swift */ = {isa = PBXFileReference; fileEncoding = 4; lastKnownFileType = sourcecode.swift; path = Pokemon.swift; sourceTree = "<group>"; };
/* End PBXFileReference section */

/* Begin PBXFrameworksBuildPhase section */
		7489656C1CF4419F00AB1657 /* Frameworks */ = {
			isa = PBXFrameworksBuildPhase;
			buildActionMask = 2147483647;
			files = (
			);
			runOnlyForDeploymentPostprocessing = 0;
		};
/* End PBXFrameworksBuildPhase section */

/* Begin PBXGroup section */
		748965661CF4419F00AB1657 = {
			isa = PBXGroup;
			children = (
				748965711CF4419F00AB1657 /* pokedex-ios */,
				748965701CF4419F00AB1657 /* Products */,
			);
			sourceTree = "<group>";
		};
		748965701CF4419F00AB1657 /* Products */ = {
			isa = PBXGroup;
			children = (
				7489656F1CF4419F00AB1657 /* pokedex-ios.app */,
			);
			name = Products;
			sourceTree = "<group>";
		};
		748965711CF4419F00AB1657 /* pokedex-ios */ = {
			isa = PBXGroup;
			children = (
				748965861CF4518F00AB1657 /* Model */,
				748965871CF4519500AB1657 /* View */,
				748965881CF4519C00AB1657 /* Controller */,
				748965721CF4419F00AB1657 /* AppDelegate.swift */,
				748965741CF4419F00AB1657 /* ViewController.swift */,
				748965841CF441DA00AB1657 /* pokemon.csv */,
				748965761CF4419F00AB1657 /* Main.storyboard */,
				748965791CF4419F00AB1657 /* Assets.xcassets */,
				7489657B1CF4419F00AB1657 /* LaunchScreen.storyboard */,
				7489657E1CF4419F00AB1657 /* Info.plist */,
			);
			path = "pokedex-ios";
			sourceTree = "<group>";
		};
		748965861CF4518F00AB1657 /* Model */ = {
			isa = PBXGroup;
			children = (
				748965891CF451E700AB1657 /* Pokemon.swift */,
			);
			name = Model;
			sourceTree = "<group>";
		};
		748965871CF4519500AB1657 /* View */ = {
			isa = PBXGroup;
			children = (
			);
			name = View;
			sourceTree = "<group>";
		};
		748965881CF4519C00AB1657 /* Controller */ = {
			isa = PBXGroup;
			children = (
			);
			name = Controller;
			sourceTree = "<group>";
		};
/* End PBXGroup section */

/* Begin PBXNativeTarget section */
		7489656E1CF4419F00AB1657 /* pokedex-ios */ = {
			isa = PBXNativeTarget;
			buildConfigurationList = 748965811CF4419F00AB1657 /* Build configuration list for PBXNativeTarget "pokedex-ios" */;
			buildPhases = (
				7489656B1CF4419F00AB1657 /* Sources */,
				7489656C1CF4419F00AB1657 /* Frameworks */,
				7489656D1CF4419F00AB1657 /* Resources */,
			);
			buildRules = (
			);
			dependencies = (
			);
			name = "pokedex-ios";
			productName = "pokedex-ios";
			productReference = 7489656F1CF4419F00AB1657 /* pokedex-ios.app */;
			productType = "com.apple.product-type.application";
		};
/* End PBXNativeTarget section */

/* Begin PBXProject section */
		748965671CF4419F00AB1657 /* Project object */ = {
			isa = PBXProject;
			attributes = {
				LastSwiftUpdateCheck = 0730;
				LastUpgradeCheck = 0730;
				ORGANIZATIONNAME = JAlblas;
				TargetAttributes = {
					7489656E1CF4419F00AB1657 = {
						CreatedOnToolsVersion = 7.3.1;
					};
				};
			};
			buildConfigurationList = 7489656A1CF4419F00AB1657 /* Build configuration list for PBXProject "pokedex-ios" */;
			compatibilityVersion = "Xcode 3.2";
			developmentRegion = English;
			hasScannedForEncodings = 0;
			knownRegions = (
				en,
				Base,
			);
			mainGroup = 748965661CF4419F00AB1657;
			productRefGroup = 748965701CF4419F00AB1657 /* Products */;
			projectDirPath = "";
			projectRoot = "";
			targets = (
				7489656E1CF4419F00AB1657 /* pokedex-ios */,
			);
		};
/* End PBXProject section */

/* Begin PBXResourcesBuildPhase section */
		7489656D1CF4419F00AB1657 /* Resources */ = {
			isa = PBXResourcesBuildPhase;
			buildActionMask = 2147483647;
			files = (
				7489657D1CF4419F00AB1657 /* LaunchScreen.storyboard in Resources */,
				7489657A1CF4419F00AB1657 /* Assets.xcassets in Resources */,
				748965851CF441DA00AB1657 /* pokemon.csv in Resources */,
				748965781CF4419F00AB1657 /* Main.storyboard in Resources */,
			);
			runOnlyForDeploymentPostprocessing = 0;
		};
/* End PBXResourcesBuildPhase section */

/* Begin PBXSourcesBuildPhase section */
		7489656B1CF4419F00AB1657 /* Sources */ = {
			isa = PBXSourcesBuildPhase;
			buildActionMask = 2147483647;
			files = (
				748965751CF4419F00AB1657 /* ViewController.swift in Sources */,
				748965731CF4419F00AB1657 /* AppDelegate.swift in Sources */,
				7489658A1CF451E700AB1657 /* Pokemon.swift in Sources */,
			);
			runOnlyForDeploymentPostprocessing = 0;
		};
/* End PBXSourcesBuildPhase section */

/* Begin PBXVariantGroup section */
		748965761CF4419F00AB1657 /* Main.storyboard */ = {
			isa = PBXVariantGroup;
			children = (
				748965771CF4419F00AB1657 /* Base */,
			);
			name = Main.storyboard;
			sourceTree = "<group>";
		};
		7489657B1CF4419F00AB1657 /* LaunchScreen.storyboard */ = {
			isa = PBXVariantGroup;
			children = (
				7489657C1CF4419F00AB1657 /* Base */,
			);
			name = LaunchScreen.storyboard;
			sourceTree = "<group>";
		};
/* End PBXVariantGroup section */

/* Begin XCBuildConfiguration section */
		7489657F1CF4419F00AB1657 /* Debug */ = {
			isa = XCBuildConfiguration;
			buildSettings = {
				ALWAYS_SEARCH_USER_PATHS = NO;
				CLANG_ANALYZER_NONNULL = YES;
				CLANG_CXX_LANGUAGE_STANDARD = "gnu++0x";
				CLANG_CXX_LIBRARY = "libc++";
				CLANG_ENABLE_MODULES = YES;
				CLANG_ENABLE_OBJC_ARC = YES;
				CLANG_WARN_BOOL_CONVERSION = YES;
				CLANG_WARN_CONSTANT_CONVERSION = YES;
				CLANG_WARN_DIRECT_OBJC_ISA_USAGE = YES_ERROR;
				CLANG_WARN_EMPTY_BODY = YES;
				CLANG_WARN_ENUM_CONVERSION = YES;
				CLANG_WARN_INT_CONVERSION = YES;
				CLANG_WARN_OBJC_ROOT_CLASS = YES_ERROR;
				CLANG_WARN_UNREACHABLE_CODE = YES;
				CLANG_WARN__DUPLICATE_METHOD_MATCH = YES;
				"CODE_SIGN_IDENTITY[sdk=iphoneos*]" = "iPhone Developer";
				COPY_PHASE_STRIP = NO;
				DEBUG_INFORMATION_FORMAT = dwarf;
				ENABLE_STRICT_OBJC_MSGSEND = YES;
				ENABLE_TESTABILITY = YES;
				GCC_C_LANGUAGE_STANDARD = gnu99;
				GCC_DYNAMIC_NO_PIC = NO;
				GCC_NO_COMMON_BLOCKS = YES;
				GCC_OPTIMIZATION_LEVEL = 0;
				GCC_PREPROCESSOR_DEFINITIONS = (
					"DEBUG=1",
					"$(inherited)",
				);
				GCC_WARN_64_TO_32_BIT_CONVERSION = YES;
				GCC_WARN_ABOUT_RETURN_TYPE = YES_ERROR;
				GCC_WARN_UNDECLARED_SELECTOR = YES;
				GCC_WARN_UNINITIALIZED_AUTOS = YES_AGGRESSIVE;
				GCC_WARN_UNUSED_FUNCTION = YES;
				GCC_WARN_UNUSED_VARIABLE = YES;
				IPHONEOS_DEPLOYMENT_TARGET = 9.3;
				MTL_ENABLE_DEBUG_INFO = YES;
				ONLY_ACTIVE_ARCH = YES;
				SDKROOT = iphoneos;
				SWIFT_OPTIMIZATION_LEVEL = "-Onone";
			};
			name = Debug;
		};
		748965801CF4419F00AB1657 /* Release */ = {
			isa = XCBuildConfiguration;
			buildSettings = {
				ALWAYS_SEARCH_USER_PATHS = NO;
				CLANG_ANALYZER_NONNULL = YES;
				CLANG_CXX_LANGUAGE_STANDARD = "gnu++0x";
				CLANG_CXX_LIBRARY = "libc++";
				CLANG_ENABLE_MODULES = YES;
				CLANG_ENABLE_OBJC_ARC = YES;
				CLANG_WARN_BOOL_CONVERSION = YES;
				CLANG_WARN_CONSTANT_CONVERSION = YES;
				CLANG_WARN_DIRECT_OBJC_ISA_USAGE = YES_ERROR;
				CLANG_WARN_EMPTY_BODY = YES;
				CLANG_WARN_ENUM_CONVERSION = YES;
				CLANG_WARN_INT_CONVERSION = YES;
				CLANG_WARN_OBJC_ROOT_CLASS = YES_ERROR;
				CLANG_WARN_UNREACHABLE_CODE = YES;
				CLANG_WARN__DUPLICATE_METHOD_MATCH = YES;
				"CODE_SIGN_IDENTITY[sdk=iphoneos*]" = "iPhone Developer";
				COPY_PHASE_STRIP = NO;
				DEBUG_INFORMATION_FORMAT = "dwarf-with-dsym";
				ENABLE_NS_ASSERTIONS = NO;
				ENABLE_STRICT_OBJC_MSGSEND = YES;
				GCC_C_LANGUAGE_STANDARD = gnu99;
				GCC_NO_COMMON_BLOCKS = YES;
				GCC_WARN_64_TO_32_BIT_CONVERSION = YES;
				GCC_WARN_ABOUT_RETURN_TYPE = YES_ERROR;
				GCC_WARN_UNDECLARED_SELECTOR = YES;
				GCC_WARN_UNINITIALIZED_AUTOS = YES_AGGRESSIVE;
				GCC_WARN_UNUSED_FUNCTION = YES;
				GCC_WARN_UNUSED_VARIABLE = YES;
				IPHONEOS_DEPLOYMENT_TARGET = 9.3;
				MTL_ENABLE_DEBUG_INFO = NO;
				SDKROOT = iphoneos;
				VALIDATE_PRODUCT = YES;
			};
			name = Release;
		};
		748965821CF4419F00AB1657 /* Debug */ = {
			isa = XCBuildConfiguration;
			buildSettings = {
				ASSETCATALOG_COMPILER_APPICON_NAME = AppIcon;
				INFOPLIST_FILE = "pokedex-ios/Info.plist";
				LD_RUNPATH_SEARCH_PATHS = "$(inherited) @executable_path/Frameworks";
				PRODUCT_BUNDLE_IDENTIFIER = "com.JAlblas.pokedex-ios";
				PRODUCT_NAME = "$(TARGET_NAME)";
			};
			name = Debug;
		};
		748965831CF4419F00AB1657 /* Release */ = {
			isa = XCBuildConfiguration;
			buildSettings = {
				ASSETCATALOG_COMPILER_APPICON_NAME = AppIcon;
				INFOPLIST_FILE = "pokedex-ios/Info.plist";
				LD_RUNPATH_SEARCH_PATHS = "$(inherited) @executable_path/Frameworks";
				PRODUCT_BUNDLE_IDENTIFIER = "com.JAlblas.pokedex-ios";
				PRODUCT_NAME = "$(TARGET_NAME)";
			};
			name = Release;
		};
/* End XCBuildConfiguration section */

/* Begin XCConfigurationList section */
		7489656A1CF4419F00AB1657 /* Build configuration list for PBXProject "pokedex-ios" */ = {
			isa = XCConfigurationList;
			buildConfigurations = (
				7489657F1CF4419F00AB1657 /* Debug */,
				748965801CF4419F00AB1657 /* Release */,
			);
			defaultConfigurationIsVisible = 0;
			defaultConfigurationName = Release;
		};
		748965811CF4419F00AB1657 /* Build configuration list for PBXNativeTarget "pokedex-ios" */ = {
			isa = XCConfigurationList;
			buildConfigurations = (
				748965821CF4419F00AB1657 /* Debug */,
				748965831CF4419F00AB1657 /* Release */,
			);
			defaultConfigurationIsVisible = 0;
		};
/* End XCConfigurationList section */
	};
	rootObject = 748965671CF4419F00AB1657 /* Project object */;
}
